
Microsoft Visual Studio Solution File, Format Version 12.00
# Visual Studio Version 17
VisualStudioVersion = 17.3.32929.385
MinimumVisualStudioVersion = 10.0.40219.1
Project("{FAE04EC0-301F-11D3-BF4B-00C04F79EFBC}") = "B.MovableStorage", "B.MovableStorage.csproj", "{18770184-4847-4E17-A1E5-DD998F94BBC9}"
EndProject
Project("{FAE04EC0-301F-11D3-BF4B-00C04F79EFBC}") = "B.MovableStorageV2", "..\B.MovableStorageV2\B.MovableStorageV2.csproj", "{F0937711-9AAF-4417-9516-A34F171CB784}"
EndProject
Global
	GlobalSection(SolutionConfigurationPlatforms) = preSolution
		Debug|Any CPU = Debug|Any CPU
		Release|Any CPU = Release|Any CPU
	EndGlobalSection
	GlobalSection(ProjectConfigurationPlatforms) = postSolution
		{18770184-4847-4E17-A1E5-DD998F94BBC9}.Debug|Any CPU.ActiveCfg = Debug|Any CPU
		{18770184-4847-4E17-A1E5-DD998F94BBC9}.Debug|Any CPU.Build.0 = Debug|Any CPU
		{18770184-4847-4E17-A1E5-DD998F94BBC9}.Release|Any CPU.ActiveCfg = Release|Any CPU
		{18770184-4847-4E17-A1E5-DD998F94BBC9}.Release|Any CPU.Build.0 = Release|Any CPU
		{F0937711-9AAF-4417-9516-A34F171CB784}.Debug|Any CPU.ActiveCfg = Debug|Any CPU
		{F0937711-9AAF-4417-9516-A34F171CB784}.Debug|Any CPU.Build.0 = Debug|Any CPU
		{F0937711-9AAF-4417-9516-A34F171CB784}.Release|Any CPU.ActiveCfg = Release|Any CPU
		{F0937711-9AAF-4417-9516-A34F171CB784}.Release|Any CPU.Build.0 = Release|Any CPU
	EndGlobalSection
	GlobalSection(SolutionProperties) = preSolution
		HideSolutionNode = FALSE
	EndGlobalSection
	GlobalSection(ExtensibilityGlobals) = postSolution
		SolutionGuid = {632CED4A-8ABD-4BB9-8266-E5FC26CAF8E3}
	EndGlobalSection
EndGlobal
